
Microsoft Visual Studio Solution File, Format Version 12.00
# Visual Studio Version 17
VisualStudioVersion = 17.5.002.0
MinimumVisualStudioVersion = 10.0.40219.1
Project("{9A19103F-16F7-4668-BE54-9A1E7A4F7556}") = "Blazor", "Blazor.csproj", "{ED292436-C832-4C09-856A-A1BD1FB171DA}"
EndProject
Global
	GlobalSection(SolutionConfigurationPlatforms) = preSolution
		Debug|Any CPU = Debug|Any CPU
		Release|Any CPU = Release|Any CPU
	EndGlobalSection
	GlobalSection(ProjectConfigurationPlatforms) = postSolution
		{ED292436-C832-4C09-856A-A1BD1FB171DA}.Debug|Any CPU.ActiveCfg = Debug|Any CPU
		{ED292436-C832-4C09-856A-A1BD1FB171DA}.Debug|Any CPU.Build.0 = Debug|Any CPU
		{ED292436-C832-4C09-856A-A1BD1FB171DA}.Release|Any CPU.ActiveCfg = Release|Any CPU
		{ED292436-C832-4C09-856A-A1BD1FB171DA}.Release|Any CPU.Build.0 = Release|Any CPU
	EndGlobalSection
	GlobalSection(SolutionProperties) = preSolution
		HideSolutionNode = FALSE
	EndGlobalSection
	GlobalSection(ExtensibilityGlobals) = postSolution
		SolutionGuid = {828AB7D7-04D1-4479-8922-14D9959568C9}
	EndGlobalSection
EndGlobal
